{
  "name": "canvasd",
  "version": "0.0.0",
  "lockfileVersion": 2,
  "requires": true,
  "packages": {
    "": {
      "name": "canvasd",
      "version": "0.0.0",
      "dependencies": {
        "@logicflow/core": "^1.1.28",
        "@logicflow/extension": "^1.1.28",
        "lodash": "^4.17.21",
        "mathjs": "^11.2.1"
      },
      "devDependencies": {
        "@types/lodash": "^4.14.185",
        "typescript": "^4.6.4",
        "vite": "^3.1.0"
      }
    },
    "node_modules/@babel/runtime": {
      "version": "7.19.0",
      "resolved": "https://registry.npmmirror.com/@babel/runtime/-/runtime-7.19.0.tgz",
      "integrity": "sha512-eR8Lo9hnDS7tqkO7NsV+mKvCmv5boaXFSZ70DnfhcgiEne8hv9oCEd36Klw74EtizEqLsy4YnW8UWwpBVolHZA==",
      "dependencies": {
        "regenerator-runtime": "^0.13.4"
      },
      "engines": {
        "node": ">=6.9.0"
      }
    },
    "node_modules/@logicflow/core": {
      "version": "1.1.28",
      "resolved": "https://registry.npmmirror.com/@logicflow/core/-/core-1.1.28.tgz",
      "integrity": "sha512-X85e0yU1jvFjbMXcfaFaRmM/ATHCx5JvWXUn65wLALZnqVmYe/OQ6FEMEuBv+sXjMwaluac0L/GWVpce8KGZ8g==",
      "dependencies": {
        "@types/mousetrap": "^1.6.4",
        "mousetrap": "^1.6.5",
        "preact": "^10.4.8"
      }
    },
    "node_modules/@logicflow/extension": {
      "version": "1.1.28",
      "resolved": "https://registry.npmmirror.com/@logicflow/extension/-/extension-1.1.28.tgz",
      "integrity": "sha512-duq6dfAgb8I/zv+DOWSj0W39Q2cXAOcgN8KTWPi+VnvX21gk0qtnrWkXeIE85Xpj6pRuFOooV+5wZqzoIDy1wg==",
      "dependencies": {
        "@logicflow/core": "^1.1.28",
        "ids": "^1.0.0",
        "preact": "^10.4.8"
      }
    },
    "node_modules/@types/lodash": {
      "version": "4.14.185",
      "resolved": "https://registry.npmmirror.com/@types/lodash/-/lodash-4.14.185.tgz",
      "integrity": "sha512-evMDG1bC4rgQg4ku9tKpuMh5iBNEwNa3tf9zRHdP1qlv+1WUg44xat4IxCE14gIpZRGUUWAx2VhItCZc25NfMA==",
      "dev": true
    },
    "node_modules/@types/mousetrap": {
      "version": "1.6.9",
      "resolved": "https://registry.npmmirror.com/@types/mousetrap/-/mousetrap-1.6.9.tgz",
      "integrity": "sha512-HUAiN65VsRXyFCTicolwb5+I7FM6f72zjMWr+ajGk+YTvzBgXqa2A5U7d+rtsouAkunJ5U4Sb5lNJjo9w+nmXg=="
    },
    "node_modules/complex.js": {
      "version": "2.1.1",
      "resolved": "https://registry.npmmirror.com/complex.js/-/complex.js-2.1.1.tgz",
      "integrity": "sha512-8njCHOTtFFLtegk6zQo0kkVX1rngygb/KQI6z1qZxlFI3scluC+LVTCFbrkWjBv4vvLlbQ9t88IPMC6k95VTTg==",
      "engines": {
        "node": "*"
      }
    },
    "node_modules/decimal.js": {
      "version": "10.4.1",
      "resolved": "https://registry.npmmirror.com/decimal.js/-/decimal.js-10.4.1.tgz",
      "integrity": "sha512-F29o+vci4DodHYT9UrR5IEbfBw9pE5eSapIJdTqXK5+6hq+t8VRxwQyKlW2i+KDKFkkJQRvFyI/QXD83h8LyQw=="
    },
    "node_modules/esbuild": {
      "version": "0.15.8",
      "resolved": "https://registry.npmmirror.com/esbuild/-/esbuild-0.15.8.tgz",
      "integrity": "sha512-Remsk2dmr1Ia65sU+QasE6svJbsHe62lzR+CnjpUvbZ+uSYo1SitiOWPRfZQkCu82YWZBBKXiD/j0i//XWMZ+Q==",
      "dev": true,
      "hasInstallScript": true,
      "license": "MIT",
      "bin": {
        "esbuild": "bin/esbuild"
      },
      "engines": {
        "node": ">=12"
      },
      "optionalDependencies": {
        "@esbuild/android-arm": "0.15.8",
        "@esbuild/linux-loong64": "0.15.8",
        "esbuild-android-64": "0.15.8",
        "esbuild-android-arm64": "0.15.8",
        "esbuild-darwin-64": "0.15.8",
        "esbuild-darwin-arm64": "0.15.8",
        "esbuild-freebsd-64": "0.15.8",
        "esbuild-freebsd-arm64": "0.15.8",
        "esbuild-linux-32": "0.15.8",
        "esbuild-linux-64": "0.15.8",
        "esbuild-linux-arm": "0.15.8",
        "esbuild-linux-arm64": "0.15.8",
        "esbuild-linux-mips64le": "0.15.8",
        "esbuild-linux-ppc64le": "0.15.8",
        "esbuild-linux-riscv64": "0.15.8",
        "esbuild-linux-s390x": "0.15.8",
        "esbuild-netbsd-64": "0.15.8",
        "esbuild-openbsd-64": "0.15.8",
        "esbuild-sunos-64": "0.15.8",
        "esbuild-windows-32": "0.15.8",
        "esbuild-windows-64": "0.15.8",
        "esbuild-windows-arm64": "0.15.8"
      }
    },
    "node_modules/esbuild-windows-64": {
      "version": "0.15.8",
      "resolved": "https://registry.npmmirror.com/esbuild-windows-64/-/esbuild-windows-64-0.15.8.tgz",
      "integrity": "sha512-ag9ptYrsizgsR+PQE8QKeMqnosLvAMonQREpLw4evA4FFgOBMLEat/dY/9txbpozTw9eEOYyD3a4cE9yTu20FA==",
      "cpu": [
        "x64"
      ],
      "dev": true,
      "license": "MIT",
      "optional": true,
      "os": [
        "win32"
      ],
      "engines": {
        "node": ">=12"
      }
    },
    "node_modules/escape-latex": {
      "version": "1.2.0",
      "resolved": "https://registry.npmmirror.com/escape-latex/-/escape-latex-1.2.0.tgz",
      "integrity": "sha512-nV5aVWW1K0wEiUIEdZ4erkGGH8mDxGyxSeqPzRNtWP7ataw+/olFObw7hujFWlVjNsaDFw5VZ5NzVSIqRgfTiw=="
    },
    "node_modules/fraction.js": {
      "version": "4.2.0",
      "resolved": "https://registry.npmmirror.com/fraction.js/-/fraction.js-4.2.0.tgz",
      "integrity": "sha512-MhLuK+2gUcnZe8ZHlaaINnQLl0xRIGRfcGk2yl8xoQAfHrSsL3rYu6FCmBdkdbhc9EPlwyGHewaRsvwRMJtAlA==",
      "engines": {
        "node": "*"
      }
    },
    "node_modules/function-bind": {
      "version": "1.1.1",
      "resolved": "https://registry.npmmirror.com/function-bind/-/function-bind-1.1.1.tgz",
      "integrity": "sha512-yIovAzMX49sF8Yl58fSCWJ5svSLuaibPxXQJFLmBObTuCr0Mf1KiPopGM9NiFjiYBCbfaa2Fh6breQ6ANVTI0A==",
      "dev": true,
      "license": "MIT"
    },
    "node_modules/has": {
      "version": "1.0.3",
      "resolved": "https://registry.npmmirror.com/has/-/has-1.0.3.tgz",
      "integrity": "sha512-f2dvO0VU6Oej7RkWJGrehjbzMAjFp5/VKPp5tTpWIV4JHHZK1/BxbFRtf/siA2SWTe09caDmVtYYzWEIbBS4zw==",
      "dev": true,
      "license": "MIT",
      "dependencies": {
        "function-bind": "^1.1.1"
      },
      "engines": {
        "node": ">= 0.4.0"
      }
    },
    "node_modules/ids": {
      "version": "1.0.0",
      "resolved": "https://registry.npmmirror.com/ids/-/ids-1.0.0.tgz",
      "integrity": "sha512-Zvtq1xUto4LttpstyOlFum8lKx+i1OmRfg+6A9drFS9iSZsDPMHG4Sof/qwNR4kCU7jBeWFPrY2ocHxiz7cCRw=="
    },
    "node_modules/is-core-module": {
      "version": "2.10.0",
      "resolved": "https://registry.npmmirror.com/is-core-module/-/is-core-module-2.10.0.tgz",
      "integrity": "sha512-Erxj2n/LDAZ7H8WNJXd9tw38GYM3dv8rk8Zcs+jJuxYTW7sozH+SS8NtrSjVL1/vpLvWi1hxy96IzjJ3EHTJJg==",
      "dev": true,
      "license": "MIT",
      "dependencies": {
        "has": "^1.0.3"
      },
      "funding": {
        "url": "https://github.com/sponsors/ljharb"
      }
    },
    "node_modules/javascript-natural-sort": {
      "version": "0.7.1",
      "resolved": "https://registry.npmmirror.com/javascript-natural-sort/-/javascript-natural-sort-0.7.1.tgz",
      "integrity": "sha512-nO6jcEfZWQXDhOiBtG2KvKyEptz7RVbpGP4vTD2hLBdmNQSsCiicO2Ioinv6UI4y9ukqnBpy+XZ9H6uLNgJTlw=="
    },
    "node_modules/lodash": {
      "version": "4.17.21",
      "resolved": "https://registry.npmmirror.com/lodash/-/lodash-4.17.21.tgz",
      "integrity": "sha512-v2kDEe57lecTulaDIuNTPy3Ry4gLGJ6Z1O3vE1krgXZNrsQ+LFTGHVxVjcXPs17LhbZVGedAJv8XZ1tvj5FvSg=="
    },
    "node_modules/mathjs": {
      "version": "11.2.1",
      "resolved": "https://registry.npmmirror.com/mathjs/-/mathjs-11.2.1.tgz",
      "integrity": "sha512-V5lqIPExHtFi56LUf0Gyz0wyuJmSbXUM3liZcCDNpj4OKQaUlpQuAymC8x9mFNqajWOgxqS1HZ7Z5B76Hbwrtw==",
      "dependencies": {
        "@babel/runtime": "^7.19.0",
        "complex.js": "^2.1.1",
        "decimal.js": "^10.4.0",
        "escape-latex": "^1.2.0",
        "fraction.js": "^4.2.0",
        "javascript-natural-sort": "^0.7.1",
        "seedrandom": "^3.0.5",
        "tiny-emitter": "^2.1.0",
        "typed-function": "^4.1.0"
      },
      "bin": {
        "mathjs": "bin/cli.js"
      },
      "engines": {
        "node": ">= 14"
      }
    },
    "node_modules/mousetrap": {
      "version": "1.6.5",
      "resolved": "https://registry.npmmirror.com/mousetrap/-/mousetrap-1.6.5.tgz",
      "integrity": "sha512-QNo4kEepaIBwiT8CDhP98umTetp+JNfQYBWvC1pc6/OAibuXtRcxZ58Qz8skvEHYvURne/7R8T5VoOI7rDsEUA=="
    },
    "node_modules/nanoid": {
      "version": "3.3.4",
      "resolved": "https://registry.npmmirror.com/nanoid/-/nanoid-3.3.4.tgz",
      "integrity": "sha512-MqBkQh/OHTS2egovRtLk45wEyNXwF+cokD+1YPf9u5VfJiRdAiRwB2froX5Co9Rh20xs4siNPm8naNotSD6RBw==",
      "dev": true,
      "license": "MIT",
      "bin": {
        "nanoid": "bin/nanoid.cjs"
      },
      "engines": {
        "node": "^10 || ^12 || ^13.7 || ^14 || >=15.0.1"
      }
    },
    "node_modules/path-parse": {
      "version": "1.0.7",
      "resolved": "https://registry.npmmirror.com/path-parse/-/path-parse-1.0.7.tgz",
      "integrity": "sha512-LDJzPVEEEPR+y48z93A0Ed0yXb8pAByGWo/k5YYdYgpY2/2EsOsksJrq7lOHxryrVOn1ejG6oAp8ahvOIQD8sw==",
      "dev": true,
      "license": "MIT"
    },
    "node_modules/picocolors": {
      "version": "1.0.0",
      "resolved": "https://registry.npmmirror.com/picocolors/-/picocolors-1.0.0.tgz",
      "integrity": "sha512-1fygroTLlHu66zi26VoTDv8yRgm0Fccecssto+MhsZ0D/DGW2sm8E8AjW7NU5VVTRt5GxbeZ5qBuJr+HyLYkjQ==",
      "dev": true,
      "license": "ISC"
    },
    "node_modules/postcss": {
      "version": "8.4.16",
      "resolved": "https://registry.npmmirror.com/postcss/-/postcss-8.4.16.tgz",
      "integrity": "sha512-ipHE1XBvKzm5xI7hiHCZJCSugxvsdq2mPnsq5+UF+VHCjiBvtDrlxJfMBToWaP9D5XlgNmcFGqoHmUn0EYEaRQ==",
      "dev": true,
      "funding": [
        {
          "type": "opencollective",
          "url": "https://opencollective.com/postcss/"
        },
        {
          "type": "tidelift",
          "url": "https://tidelift.com/funding/github/npm/postcss"
        }
      ],
      "license": "MIT",
      "dependencies": {
        "nanoid": "^3.3.4",
        "picocolors": "^1.0.0",
        "source-map-js": "^1.0.2"
      },
      "engines": {
        "node": "^10 || ^12 || >=14"
      }
    },
    "node_modules/preact": {
      "version": "10.11.0",
      "resolved": "https://registry.npmmirror.com/preact/-/preact-10.11.0.tgz",
      "integrity": "sha512-Fk6+vB2kb6mSJfDgODq0YDhMfl0HNtK5+Uc9QqECO4nlyPAQwCI+BKyWO//idA7ikV7o+0Fm6LQmNuQi1wXI1w=="
    },
    "node_modules/regenerator-runtime": {
      "version": "0.13.9",
      "resolved": "https://registry.npmmirror.com/regenerator-runtime/-/regenerator-runtime-0.13.9.tgz",
      "integrity": "sha512-p3VT+cOEgxFsRRA9X4lkI1E+k2/CtnKtU4gcxyaCUreilL/vqI6CdZ3wxVUx3UOUg+gnUOQQcRI7BmSI656MYA=="
    },
    "node_modules/resolve": {
      "version": "1.22.1",
      "resolved": "https://registry.npmmirror.com/resolve/-/resolve-1.22.1.tgz",
      "integrity": "sha512-nBpuuYuY5jFsli/JIs1oldw6fOQCBioohqWZg/2hiaOybXOft4lonv85uDOKXdf8rhyK159cxU5cDcK/NKk8zw==",
      "dev": true,
      "license": "MIT",
      "dependencies": {
        "is-core-module": "^2.9.0",
        "path-parse": "^1.0.7",
        "supports-preserve-symlinks-flag": "^1.0.0"
      },
      "bin": {
        "resolve": "bin/resolve"
      },
      "funding": {
        "url": "https://github.com/sponsors/ljharb"
      }
    },
    "node_modules/rollup": {
      "version": "2.78.1",
      "resolved": "https://registry.npmmirror.com/rollup/-/rollup-2.78.1.tgz",
      "integrity": "sha512-VeeCgtGi4P+o9hIg+xz4qQpRl6R401LWEXBmxYKOV4zlF82lyhgh2hTZnheFUbANE8l2A41F458iwj2vEYaXJg==",
      "dev": true,
      "license": "MIT",
      "bin": {
        "rollup": "dist/bin/rollup"
      },
      "engines": {
        "node": ">=10.0.0"
      },
      "optionalDependencies": {
        "fsevents": "~2.3.2"
      }
    },
    "node_modules/seedrandom": {
      "version": "3.0.5",
      "resolved": "https://registry.npmmirror.com/seedrandom/-/seedrandom-3.0.5.tgz",
      "integrity": "sha512-8OwmbklUNzwezjGInmZ+2clQmExQPvomqjL7LFqOYqtmuxRgQYqOD3mHaU+MvZn5FLUeVxVfQjwLZW/n/JFuqg=="
    },
    "node_modules/source-map-js": {
      "version": "1.0.2",
      "resolved": "https://registry.npmmirror.com/source-map-js/-/source-map-js-1.0.2.tgz",
      "integrity": "sha512-R0XvVJ9WusLiqTCEiGCmICCMplcCkIwwR11mOSD9CR5u+IXYdiseeEuXCVAjS54zqwkLcPNnmU4OeJ6tUrWhDw==",
      "dev": true,
      "license": "BSD-3-Clause",
      "engines": {
        "node": ">=0.10.0"
      }
    },
    "node_modules/supports-preserve-symlinks-flag": {
      "version": "1.0.0",
      "resolved": "https://registry.npmmirror.com/supports-preserve-symlinks-flag/-/supports-preserve-symlinks-flag-1.0.0.tgz",
      "integrity": "sha512-ot0WnXS9fgdkgIcePe6RHNk1WA8+muPa6cSjeR3V8K27q9BB1rTE3R1p7Hv0z1ZyAc8s6Vvv8DIyWf681MAt0w==",
      "dev": true,
      "license": "MIT",
      "engines": {
        "node": ">= 0.4"
      },
      "funding": {
        "url": "https://github.com/sponsors/ljharb"
      }
    },
    "node_modules/tiny-emitter": {
      "version": "2.1.0",
      "resolved": "https://registry.npmmirror.com/tiny-emitter/-/tiny-emitter-2.1.0.tgz",
      "integrity": "sha512-NB6Dk1A9xgQPMoGqC5CVXn123gWyte215ONT5Pp5a0yt4nlEoO1ZWeCwpncaekPHXO60i47ihFnZPiRPjRMq4Q=="
    },
    "node_modules/typed-function": {
      "version": "4.1.0",
      "resolved": "https://registry.npmmirror.com/typed-function/-/typed-function-4.1.0.tgz",
      "integrity": "sha512-DGwUl6cioBW5gw2L+6SMupGwH/kZOqivy17E4nsh1JI9fKF87orMmlQx3KISQPmg3sfnOUGlwVkroosvgddrlg==",
      "engines": {
        "node": ">= 14"
      }
    },
    "node_modules/typescript": {
      "version": "4.8.3",
      "resolved": "https://registry.npmmirror.com/typescript/-/typescript-4.8.3.tgz",
      "integrity": "sha512-goMHfm00nWPa8UvR/CPSvykqf6dVV8x/dp0c5mFTMTIu0u0FlGWRioyy7Nn0PGAdHxpJZnuO/ut+PpQ8UiHAig==",
      "dev": true,
      "license": "Apache-2.0",
      "bin": {
        "tsc": "bin/tsc",
        "tsserver": "bin/tsserver"
      },
      "engines": {
        "node": ">=4.2.0"
      }
    },
    "node_modules/vite": {
      "version": "3.1.2",
      "resolved": "https://registry.npmmirror.com/vite/-/vite-3.1.2.tgz",
      "integrity": "sha512-wTDKPkiVbeT+drTPdkuvjVIC/2vKKUc1w3qNOuwgpyvPCZF6fvdxB5v5WEcCsqaYea0zrwA4+XialJKCHM3oVQ==",
      "dev": true,
      "license": "MIT",
      "dependencies": {
        "esbuild": "^0.15.6",
        "postcss": "^8.4.16",
        "resolve": "^1.22.1",
        "rollup": "~2.78.0"
      },
      "bin": {
        "vite": "bin/vite.js"
      },
      "engines": {
        "node": "^14.18.0 || >=16.0.0"
      },
      "optionalDependencies": {
        "fsevents": "~2.3.2"
      },
      "peerDependencies": {
        "less": "*",
        "sass": "*",
        "stylus": "*",
        "terser": "^5.4.0"
      },
      "peerDependenciesMeta": {
        "less": {
          "optional": true
        },
        "sass": {
          "optional": true
        },
        "stylus": {
          "optional": true
        },
        "terser": {
          "optional": true
        }
      }
    }
  },
  "dependencies": {
    "@babel/runtime": {
      "version": "7.19.0",
      "resolved": "https://registry.npmmirror.com/@babel/runtime/-/runtime-7.19.0.tgz",
      "integrity": "sha512-eR8Lo9hnDS7tqkO7NsV+mKvCmv5boaXFSZ70DnfhcgiEne8hv9oCEd36Klw74EtizEqLsy4YnW8UWwpBVolHZA==",
      "requires": {
        "regenerator-runtime": "^0.13.4"
      }
    },
    "@logicflow/core": {
      "version": "1.1.28",
      "resolved": "https://registry.npmmirror.com/@logicflow/core/-/core-1.1.28.tgz",
      "integrity": "sha512-X85e0yU1jvFjbMXcfaFaRmM/ATHCx5JvWXUn65wLALZnqVmYe/OQ6FEMEuBv+sXjMwaluac0L/GWVpce8KGZ8g==",
      "requires": {
        "@types/mousetrap": "^1.6.4",
        "mousetrap": "^1.6.5",
        "preact": "^10.4.8"
      }
    },
    "@logicflow/extension": {
      "version": "1.1.28",
      "resolved": "https://registry.npmmirror.com/@logicflow/extension/-/extension-1.1.28.tgz",
      "integrity": "sha512-duq6dfAgb8I/zv+DOWSj0W39Q2cXAOcgN8KTWPi+VnvX21gk0qtnrWkXeIE85Xpj6pRuFOooV+5wZqzoIDy1wg==",
      "requires": {
        "@logicflow/core": "^1.1.28",
        "ids": "^1.0.0",
        "preact": "^10.4.8"
      }
    },
    "@types/lodash": {
      "version": "4.14.185",
      "resolved": "https://registry.npmmirror.com/@types/lodash/-/lodash-4.14.185.tgz",
      "integrity": "sha512-evMDG1bC4rgQg4ku9tKpuMh5iBNEwNa3tf9zRHdP1qlv+1WUg44xat4IxCE14gIpZRGUUWAx2VhItCZc25NfMA==",
      "dev": true
    },
    "@types/mousetrap": {
      "version": "1.6.9",
      "resolved": "https://registry.npmmirror.com/@types/mousetrap/-/mousetrap-1.6.9.tgz",
      "integrity": "sha512-HUAiN65VsRXyFCTicolwb5+I7FM6f72zjMWr+ajGk+YTvzBgXqa2A5U7d+rtsouAkunJ5U4Sb5lNJjo9w+nmXg=="
    },
    "complex.js": {
      "version": "2.1.1",
      "resolved": "https://registry.npmmirror.com/complex.js/-/complex.js-2.1.1.tgz",
      "integrity": "sha512-8njCHOTtFFLtegk6zQo0kkVX1rngygb/KQI6z1qZxlFI3scluC+LVTCFbrkWjBv4vvLlbQ9t88IPMC6k95VTTg=="
    },
    "decimal.js": {
      "version": "10.4.1",
      "resolved": "https://registry.npmmirror.com/decimal.js/-/decimal.js-10.4.1.tgz",
      "integrity": "sha512-F29o+vci4DodHYT9UrR5IEbfBw9pE5eSapIJdTqXK5+6hq+t8VRxwQyKlW2i+KDKFkkJQRvFyI/QXD83h8LyQw=="
    },
    "esbuild": {
      "version": "0.15.8",
      "resolved": "https://registry.npmmirror.com/esbuild/-/esbuild-0.15.8.tgz",
      "integrity": "sha512-Remsk2dmr1Ia65sU+QasE6svJbsHe62lzR+CnjpUvbZ+uSYo1SitiOWPRfZQkCu82YWZBBKXiD/j0i//XWMZ+Q==",
      "dev": true,
      "requires": {
        "@esbuild/android-arm": "0.15.8",
        "@esbuild/linux-loong64": "0.15.8",
        "esbuild-android-64": "0.15.8",
        "esbuild-android-arm64": "0.15.8",
        "esbuild-darwin-64": "0.15.8",
        "esbuild-darwin-arm64": "0.15.8",
        "esbuild-freebsd-64": "0.15.8",
        "esbuild-freebsd-arm64": "0.15.8",
        "esbuild-linux-32": "0.15.8",
        "esbuild-linux-64": "0.15.8",
        "esbuild-linux-arm": "0.15.8",
        "esbuild-linux-arm64": "0.15.8",
        "esbuild-linux-mips64le": "0.15.8",
        "esbuild-linux-ppc64le": "0.15.8",
        "esbuild-linux-riscv64": "0.15.8",
        "esbuild-linux-s390x": "0.15.8",
        "esbuild-netbsd-64": "0.15.8",
        "esbuild-openbsd-64": "0.15.8",
        "esbuild-sunos-64": "0.15.8",
        "esbuild-windows-32": "0.15.8",
        "esbuild-windows-64": "0.15.8",
        "esbuild-windows-arm64": "0.15.8"
      }
    },
    "esbuild-windows-64": {
      "version": "0.15.8",
      "resolved": "https://registry.npmmirror.com/esbuild-windows-64/-/esbuild-windows-64-0.15.8.tgz",
      "integrity": "sha512-ag9ptYrsizgsR+PQE8QKeMqnosLvAMonQREpLw4evA4FFgOBMLEat/dY/9txbpozTw9eEOYyD3a4cE9yTu20FA==",
      "dev": true,
      "optional": true
    },
    "escape-latex": {
      "version": "1.2.0",
      "resolved": "https://registry.npmmirror.com/escape-latex/-/escape-latex-1.2.0.tgz",
      "integrity": "sha512-nV5aVWW1K0wEiUIEdZ4erkGGH8mDxGyxSeqPzRNtWP7ataw+/olFObw7hujFWlVjNsaDFw5VZ5NzVSIqRgfTiw=="
    },
    "fraction.js": {
      "version": "4.2.0",
      "resolved": "https://registry.npmmirror.com/fraction.js/-/fraction.js-4.2.0.tgz",
      "integrity": "sha512-MhLuK+2gUcnZe8ZHlaaINnQLl0xRIGRfcGk2yl8xoQAfHrSsL3rYu6FCmBdkdbhc9EPlwyGHewaRsvwRMJtAlA=="
    },
    "function-bind": {
      "version": "1.1.1",
      "resolved": "https://registry.npmmirror.com/function-bind/-/function-bind-1.1.1.tgz",
      "integrity": "sha512-yIovAzMX49sF8Yl58fSCWJ5svSLuaibPxXQJFLmBObTuCr0Mf1KiPopGM9NiFjiYBCbfaa2Fh6breQ6ANVTI0A==",
      "dev": true
    },
    "has": {
      "version": "1.0.3",
      "resolved": "https://registry.npmmirror.com/has/-/has-1.0.3.tgz",
      "integrity": "sha512-f2dvO0VU6Oej7RkWJGrehjbzMAjFp5/VKPp5tTpWIV4JHHZK1/BxbFRtf/siA2SWTe09caDmVtYYzWEIbBS4zw==",
      "dev": true,
      "requires": {
        "function-bind": "^1.1.1"
      }
    },
    "ids": {
      "version": "1.0.0",
      "resolved": "https://registry.npmmirror.com/ids/-/ids-1.0.0.tgz",
      "integrity": "sha512-Zvtq1xUto4LttpstyOlFum8lKx+i1OmRfg+6A9drFS9iSZsDPMHG4Sof/qwNR4kCU7jBeWFPrY2ocHxiz7cCRw=="
    },
    "is-core-module": {
      "version": "2.10.0",
      "resolved": "https://registry.npmmirror.com/is-core-module/-/is-core-module-2.10.0.tgz",
      "integrity": "sha512-Erxj2n/LDAZ7H8WNJXd9tw38GYM3dv8rk8Zcs+jJuxYTW7sozH+SS8NtrSjVL1/vpLvWi1hxy96IzjJ3EHTJJg==",
      "dev": true,
      "requires": {
        "has": "^1.0.3"
      }
    },
    "javascript-natural-sort": {
      "version": "0.7.1",
      "resolved": "https://registry.npmmirror.com/javascript-natural-sort/-/javascript-natural-sort-0.7.1.tgz",
      "integrity": "sha512-nO6jcEfZWQXDhOiBtG2KvKyEptz7RVbpGP4vTD2hLBdmNQSsCiicO2Ioinv6UI4y9ukqnBpy+XZ9H6uLNgJTlw=="
    },
    "lodash": {
      "version": "4.17.21",
      "resolved": "https://registry.npmmirror.com/lodash/-/lodash-4.17.21.tgz",
      "integrity": "sha512-v2kDEe57lecTulaDIuNTPy3Ry4gLGJ6Z1O3vE1krgXZNrsQ+LFTGHVxVjcXPs17LhbZVGedAJv8XZ1tvj5FvSg=="
    },
    "mathjs": {
      "version": "11.2.1",
      "resolved": "https://registry.npmmirror.com/mathjs/-/mathjs-11.2.1.tgz",
      "integrity": "sha512-V5lqIPExHtFi56LUf0Gyz0wyuJmSbXUM3liZcCDNpj4OKQaUlpQuAymC8x9mFNqajWOgxqS1HZ7Z5B76Hbwrtw==",
      "requires": {
        "@babel/runtime": "^7.19.0",
        "complex.js": "^2.1.1",
        "decimal.js": "^10.4.0",
        "escape-latex": "^1.2.0",
        "fraction.js": "^4.2.0",
        "javascript-natural-sort": "^0.7.1",
        "seedrandom": "^3.0.5",
        "tiny-emitter": "^2.1.0",
        "typed-function": "^4.1.0"
      }
    },
    "mousetrap": {
      "version": "1.6.5",
      "resolved": "https://registry.npmmirror.com/mousetrap/-/mousetrap-1.6.5.tgz",
      "integrity": "sha512-QNo4kEepaIBwiT8CDhP98umTetp+JNfQYBWvC1pc6/OAibuXtRcxZ58Qz8skvEHYvURne/7R8T5VoOI7rDsEUA=="
    },
    "nanoid": {
      "version": "3.3.4",
      "resolved": "https://registry.npmmirror.com/nanoid/-/nanoid-3.3.4.tgz",
      "integrity": "sha512-MqBkQh/OHTS2egovRtLk45wEyNXwF+cokD+1YPf9u5VfJiRdAiRwB2froX5Co9Rh20xs4siNPm8naNotSD6RBw==",
      "dev": true
    },
    "path-parse": {
      "version": "1.0.7",
      "resolved": "https://registry.npmmirror.com/path-parse/-/path-parse-1.0.7.tgz",
      "integrity": "sha512-LDJzPVEEEPR+y48z93A0Ed0yXb8pAByGWo/k5YYdYgpY2/2EsOsksJrq7lOHxryrVOn1ejG6oAp8ahvOIQD8sw==",
      "dev": true
    },
    "picocolors": {
      "version": "1.0.0",
      "resolved": "https://registry.npmmirror.com/picocolors/-/picocolors-1.0.0.tgz",
      "integrity": "sha512-1fygroTLlHu66zi26VoTDv8yRgm0Fccecssto+MhsZ0D/DGW2sm8E8AjW7NU5VVTRt5GxbeZ5qBuJr+HyLYkjQ==",
      "dev": true
    },
    "postcss": {
      "version": "8.4.16",
      "resolved": "https://registry.npmmirror.com/postcss/-/postcss-8.4.16.tgz",
      "integrity": "sha512-ipHE1XBvKzm5xI7hiHCZJCSugxvsdq2mPnsq5+UF+VHCjiBvtDrlxJfMBToWaP9D5XlgNmcFGqoHmUn0EYEaRQ==",
      "dev": true,
      "requires": {
        "nanoid": "^3.3.4",
        "picocolors": "^1.0.0",
        "source-map-js": "^1.0.2"
      }
    },
    "preact": {
      "version": "10.11.0",
      "resolved": "https://registry.npmmirror.com/preact/-/preact-10.11.0.tgz",
      "integrity": "sha512-Fk6+vB2kb6mSJfDgODq0YDhMfl0HNtK5+Uc9QqECO4nlyPAQwCI+BKyWO//idA7ikV7o+0Fm6LQmNuQi1wXI1w=="
    },
    "regenerator-runtime": {
      "version": "0.13.9",
      "resolved": "https://registry.npmmirror.com/regenerator-runtime/-/regenerator-runtime-0.13.9.tgz",
      "integrity": "sha512-p3VT+cOEgxFsRRA9X4lkI1E+k2/CtnKtU4gcxyaCUreilL/vqI6CdZ3wxVUx3UOUg+gnUOQQcRI7BmSI656MYA=="
    },
    "resolve": {
      "version": "1.22.1",
      "resolved": "https://registry.npmmirror.com/resolve/-/resolve-1.22.1.tgz",
      "integrity": "sha512-nBpuuYuY5jFsli/JIs1oldw6fOQCBioohqWZg/2hiaOybXOft4lonv85uDOKXdf8rhyK159cxU5cDcK/NKk8zw==",
      "dev": true,
      "requires": {
        "is-core-module": "^2.9.0",
        "path-parse": "^1.0.7",
        "supports-preserve-symlinks-flag": "^1.0.0"
      }
    },
    "rollup": {
      "version": "2.78.1",
      "resolved": "https://registry.npmmirror.com/rollup/-/rollup-2.78.1.tgz",
      "integrity": "sha512-VeeCgtGi4P+o9hIg+xz4qQpRl6R401LWEXBmxYKOV4zlF82lyhgh2hTZnheFUbANE8l2A41F458iwj2vEYaXJg==",
      "dev": true,
      "requires": {
        "fsevents": "~2.3.2"
      }
    },
    "seedrandom": {
      "version": "3.0.5",
      "resolved": "https://registry.npmmirror.com/seedrandom/-/seedrandom-3.0.5.tgz",
      "integrity": "sha512-8OwmbklUNzwezjGInmZ+2clQmExQPvomqjL7LFqOYqtmuxRgQYqOD3mHaU+MvZn5FLUeVxVfQjwLZW/n/JFuqg=="
    },
    "source-map-js": {
      "version": "1.0.2",
      "resolved": "https://registry.npmmirror.com/source-map-js/-/source-map-js-1.0.2.tgz",
      "integrity": "sha512-R0XvVJ9WusLiqTCEiGCmICCMplcCkIwwR11mOSD9CR5u+IXYdiseeEuXCVAjS54zqwkLcPNnmU4OeJ6tUrWhDw==",
      "dev": true
    },
    "supports-preserve-symlinks-flag": {
      "version": "1.0.0",
      "resolved": "https://registry.npmmirror.com/supports-preserve-symlinks-flag/-/supports-preserve-symlinks-flag-1.0.0.tgz",
      "integrity": "sha512-ot0WnXS9fgdkgIcePe6RHNk1WA8+muPa6cSjeR3V8K27q9BB1rTE3R1p7Hv0z1ZyAc8s6Vvv8DIyWf681MAt0w==",
      "dev": true
    },
    "tiny-emitter": {
      "version": "2.1.0",
      "resolved": "https://registry.npmmirror.com/tiny-emitter/-/tiny-emitter-2.1.0.tgz",
      "integrity": "sha512-NB6Dk1A9xgQPMoGqC5CVXn123gWyte215ONT5Pp5a0yt4nlEoO1ZWeCwpncaekPHXO60i47ihFnZPiRPjRMq4Q=="
    },
    "typed-function": {
      "version": "4.1.0",
      "resolved": "https://registry.npmmirror.com/typed-function/-/typed-function-4.1.0.tgz",
      "integrity": "sha512-DGwUl6cioBW5gw2L+6SMupGwH/kZOqivy17E4nsh1JI9fKF87orMmlQx3KISQPmg3sfnOUGlwVkroosvgddrlg=="
    },
    "typescript": {
      "version": "4.8.3",
      "resolved": "https://registry.npmmirror.com/typescript/-/typescript-4.8.3.tgz",
      "integrity": "sha512-goMHfm00nWPa8UvR/CPSvykqf6dVV8x/dp0c5mFTMTIu0u0FlGWRioyy7Nn0PGAdHxpJZnuO/ut+PpQ8UiHAig==",
      "dev": true
    },
    "vite": {
      "version": "3.1.2",
      "resolved": "https://registry.npmmirror.com/vite/-/vite-3.1.2.tgz",
      "integrity": "sha512-wTDKPkiVbeT+drTPdkuvjVIC/2vKKUc1w3qNOuwgpyvPCZF6fvdxB5v5WEcCsqaYea0zrwA4+XialJKCHM3oVQ==",
      "dev": true,
      "requires": {
        "esbuild": "^0.15.6",
        "fsevents": "~2.3.2",
        "postcss": "^8.4.16",
        "resolve": "^1.22.1",
        "rollup": "~2.78.0"
      }
    }
  }
}
